
Microsoft Visual Studio Solution File, Format Version 12.00
# Visual Studio 2012
Project("{FAE04EC0-301F-11D3-BF4B-00C04F79EFBC}") = "ToDo.Xaml", "ToDo.Xaml\ToDo.Xaml.csproj", "{DA9DB015-0B6D-4BD8-8FA2-F4401923506F}"
EndProject
Project("{FAE04EC0-301F-11D3-BF4B-00C04F79EFBC}") = "ToDo.Xaml.Web", "ToDo.Xaml.Web\ToDo.Xaml.Web.csproj", "{44DE63BD-8D44-414A-852F-CBF6614DD2D8}"
EndProject
Project("{FAE04EC0-301F-11D3-BF4B-00C04F79EFBC}") = "ToDo.Services", "ToDo.Services\ToDo.Services.csproj", "{4BB44216-202A-467B-A4FB-06D2EA1902D6}"
EndProject
Project("{FAE04EC0-301F-11D3-BF4B-00C04F79EFBC}") = "ToDo.Models", "ToDo.Models\ToDo.Models.csproj", "{179F42C8-82B7-43CE-A2F4-07EDBB3EB445}"
EndProject
Project("{2150E333-8FDC-42A3-9474-1A3956D46DE8}") = ".nuget", ".nuget", "{9D4DEDCE-6A16-42E3-A275-1C5324B45DAA}"
	ProjectSection(SolutionItems) = preProject
		.nuget\NuGet.Config = .nuget\NuGet.Config
		.nuget\NuGet.exe = .nuget\NuGet.exe
		.nuget\NuGet.targets = .nuget\NuGet.targets
		.nuget\packages.config = .nuget\packages.config
	EndProjectSection
EndProject
Project("{FAE04EC0-301F-11D3-BF4B-00C04F79EFBC}") = "ToDo.MVC", "ToDo.MVC\ToDo.MVC.csproj", "{CB3AD9F9-25DD-405F-B78C-786BE295EE42}"
EndProject
Global
	GlobalSection(SolutionConfigurationPlatforms) = preSolution
		Debug|Any CPU = Debug|Any CPU
		Release|Any CPU = Release|Any CPU
	EndGlobalSection
	GlobalSection(ProjectConfigurationPlatforms) = postSolution
		{DA9DB015-0B6D-4BD8-8FA2-F4401923506F}.Debug|Any CPU.ActiveCfg = Debug|Any CPU
		{DA9DB015-0B6D-4BD8-8FA2-F4401923506F}.Debug|Any CPU.Build.0 = Debug|Any CPU
		{DA9DB015-0B6D-4BD8-8FA2-F4401923506F}.Release|Any CPU.ActiveCfg = Release|Any CPU
		{DA9DB015-0B6D-4BD8-8FA2-F4401923506F}.Release|Any CPU.Build.0 = Release|Any CPU
		{44DE63BD-8D44-414A-852F-CBF6614DD2D8}.Debug|Any CPU.ActiveCfg = Debug|Any CPU
		{44DE63BD-8D44-414A-852F-CBF6614DD2D8}.Debug|Any CPU.Build.0 = Debug|Any CPU
		{44DE63BD-8D44-414A-852F-CBF6614DD2D8}.Release|Any CPU.ActiveCfg = Release|Any CPU
		{44DE63BD-8D44-414A-852F-CBF6614DD2D8}.Release|Any CPU.Build.0 = Release|Any CPU
		{4BB44216-202A-467B-A4FB-06D2EA1902D6}.Debug|Any CPU.ActiveCfg = Debug|Any CPU
		{4BB44216-202A-467B-A4FB-06D2EA1902D6}.Debug|Any CPU.Build.0 = Debug|Any CPU
		{4BB44216-202A-467B-A4FB-06D2EA1902D6}.Release|Any CPU.ActiveCfg = Release|Any CPU
		{4BB44216-202A-467B-A4FB-06D2EA1902D6}.Release|Any CPU.Build.0 = Release|Any CPU
		{179F42C8-82B7-43CE-A2F4-07EDBB3EB445}.Debug|Any CPU.ActiveCfg = Debug|Any CPU
		{179F42C8-82B7-43CE-A2F4-07EDBB3EB445}.Debug|Any CPU.Build.0 = Debug|Any CPU
		{179F42C8-82B7-43CE-A2F4-07EDBB3EB445}.Release|Any CPU.ActiveCfg = Release|Any CPU
		{179F42C8-82B7-43CE-A2F4-07EDBB3EB445}.Release|Any CPU.Build.0 = Release|Any CPU
		{CB3AD9F9-25DD-405F-B78C-786BE295EE42}.Debug|Any CPU.ActiveCfg = Debug|Any CPU
		{CB3AD9F9-25DD-405F-B78C-786BE295EE42}.Debug|Any CPU.Build.0 = Debug|Any CPU
		{CB3AD9F9-25DD-405F-B78C-786BE295EE42}.Release|Any CPU.ActiveCfg = Release|Any CPU
		{CB3AD9F9-25DD-405F-B78C-786BE295EE42}.Release|Any CPU.Build.0 = Release|Any CPU
	EndGlobalSection
	GlobalSection(SolutionProperties) = preSolution
		HideSolutionNode = FALSE
	EndGlobalSection
EndGlobal
